
Microsoft Visual Studio Solution File, Format Version 12.00
# Visual Studio Version 17
VisualStudioVersion = 17.6.33723.286
MinimumVisualStudioVersion = 10.0.40219.1
Project("{8BC9CEB8-8B4A-11D0-8D11-00A0C91BC942}") = "StudentManageSystem", "StudentManageSystem\StudentManageSystem.vcxproj", "{A43F7D3B-8935-45FC-BE91-CF329F8FB4E3}"
EndProject
Global
	GlobalSection(SolutionConfigurationPlatforms) = preSolution
		Debug|x64 = Debug|x64
		Debug|x86 = Debug|x86
		Release|x64 = Release|x64
		Release|x86 = Release|x86
	EndGlobalSection
	GlobalSection(ProjectConfigurationPlatforms) = postSolution
		{A43F7D3B-8935-45FC-BE91-CF329F8FB4E3}.Debug|x64.ActiveCfg = Debug|x64
		{A43F7D3B-8935-45FC-BE91-CF329F8FB4E3}.Debug|x64.Build.0 = Debug|x64
		{A43F7D3B-8935-45FC-BE91-CF329F8FB4E3}.Debug|x86.ActiveCfg = Debug|Win32
		{A43F7D3B-8935-45FC-BE91-CF329F8FB4E3}.Debug|x86.Build.0 = Debug|Win32
		{A43F7D3B-8935-45FC-BE91-CF329F8FB4E3}.Release|x64.ActiveCfg = Release|x64
		{A43F7D3B-8935-45FC-BE91-CF329F8FB4E3}.Release|x64.Build.0 = Release|x64
		{A43F7D3B-8935-45FC-BE91-CF329F8FB4E3}.Release|x86.ActiveCfg = Release|Win32
		{A43F7D3B-8935-45FC-BE91-CF329F8FB4E3}.Release|x86.Build.0 = Release|Win32
	EndGlobalSection
	GlobalSection(SolutionProperties) = preSolution
		HideSolutionNode = FALSE
	EndGlobalSection
	GlobalSection(ExtensibilityGlobals) = postSolution
		SolutionGuid = {D1D21574-98AB-4246-89A2-EFA2D50E9DFB}
	EndGlobalSection
EndGlobal
